
Microsoft Visual Studio Solution File, Format Version 12.00
# Visual Studio Version 17
VisualStudioVersion = 17.1.32210.238
MinimumVisualStudioVersion = 10.0.40219.1
Project("{FAE04EC0-301F-11D3-BF4B-00C04F79EFBC}") = "IM4", "IM4\IM4.csproj", "{5F25F3E2-0B53-495A-92F5-2BF9F26AD689}"
EndProject
Global
	GlobalSection(SolutionConfigurationPlatforms) = preSolution
		Debug|Any CPU = Debug|Any CPU
		Release|Any CPU = Release|Any CPU
	EndGlobalSection
	GlobalSection(ProjectConfigurationPlatforms) = postSolution
		{5F25F3E2-0B53-495A-92F5-2BF9F26AD689}.Debug|Any CPU.ActiveCfg = Debug|Any CPU
		{5F25F3E2-0B53-495A-92F5-2BF9F26AD689}.Debug|Any CPU.Build.0 = Debug|Any CPU
		{5F25F3E2-0B53-495A-92F5-2BF9F26AD689}.Release|Any CPU.ActiveCfg = Release|Any CPU
		{5F25F3E2-0B53-495A-92F5-2BF9F26AD689}.Release|Any CPU.Build.0 = Release|Any CPU
	EndGlobalSection
	GlobalSection(SolutionProperties) = preSolution
		HideSolutionNode = FALSE
	EndGlobalSection
	GlobalSection(ExtensibilityGlobals) = postSolution
		SolutionGuid = {117BB957-CBB4-48BB-9062-95D3DB7B1453}
	EndGlobalSection
EndGlobal
